// !$*UTF8*$!
{
	archiveVersion = 1;
	classes = {
	};
	objectVersion = 56;
	objects = {

/* Begin PBXBuildFile section */
		D07C24252C27200200C5316F /* AppDelegate.swift in Sources */ = {isa = PBXBuildFile; fileRef = D07C24242C27200200C5316F /* AppDelegate.swift */; };
		D07C24272C27200200C5316F /* SceneDelegate.swift in Sources */ = {isa = PBXBuildFile; fileRef = D07C24262C27200200C5316F /* SceneDelegate.swift */; };
		D07C24292C27200200C5316F /* OnboardingViewController.swift in Sources */ = {isa = PBXBuildFile; fileRef = D07C24282C27200200C5316F /* OnboardingViewController.swift */; };
		D07C242E2C27200400C5316F /* Assets.xcassets in Resources */ = {isa = PBXBuildFile; fileRef = D07C242D2C27200400C5316F /* Assets.xcassets */; };
		D07C24312C27200400C5316F /* LaunchScreen.storyboard in Resources */ = {isa = PBXBuildFile; fileRef = D07C242F2C27200400C5316F /* LaunchScreen.storyboard */; };
		D07C243D2C27217100C5316F /* ApiManager.swift in Sources */ = {isa = PBXBuildFile; fileRef = D07C243C2C27217100C5316F /* ApiManager.swift */; };
		D07C243F2C27223700C5316F /* HapticManager.swift in Sources */ = {isa = PBXBuildFile; fileRef = D07C243E2C27223700C5316F /* HapticManager.swift */; };
		D07C24422C27262F00C5316F /* SDWebImage in Frameworks */ = {isa = PBXBuildFile; productRef = D07C24412C27262F00C5316F /* SDWebImage */; };
		D07C24442C27262F00C5316F /* SDWebImageMapKit in Frameworks */ = {isa = PBXBuildFile; productRef = D07C24432C27262F00C5316F /* SDWebImageMapKit */; };
		D07C24472C276E7800C5316F /* GifFile.swift in Sources */ = {isa = PBXBuildFile; fileRef = D07C24462C276E7800C5316F /* GifFile.swift */; };
		D07C244E2C276EAF00C5316F /* created.gif in Resources */ = {isa = PBXBuildFile; fileRef = D07C24492C276EAF00C5316F /* created.gif */; };
		D07C244F2C276EAF00C5316F /* password.gif in Resources */ = {isa = PBXBuildFile; fileRef = D07C244A2C276EAF00C5316F /* password.gif */; };
		D07C24502C276EAF00C5316F /* checking.gif in Resources */ = {isa = PBXBuildFile; fileRef = D07C244B2C276EAF00C5316F /* checking.gif */; };
		D07C24512C276EAF00C5316F /* congratulations.gif in Resources */ = {isa = PBXBuildFile; fileRef = D07C244C2C276EAF00C5316F /* congratulations.gif */; };
		D07C24522C276EAF00C5316F /* unboarding.gif in Resources */ = {isa = PBXBuildFile; fileRef = D07C244D2C276EAF00C5316F /* unboarding.gif */; };
/* End PBXBuildFile section */

/* Begin PBXFileReference section */
		D07C24212C27200200C5316F /* YassirMovieApplication.app */ = {isa = PBXFileReference; explicitFileType = wrapper.application; includeInIndex = 0; path = YassirMovieApplication.app; sourceTree = BUILT_PRODUCTS_DIR; };
		D07C24242C27200200C5316F /* AppDelegate.swift */ = {isa = PBXFileReference; lastKnownFileType = sourcecode.swift; path = AppDelegate.swift; sourceTree = "<group>"; };
		D07C24262C27200200C5316F /* SceneDelegate.swift */ = {isa = PBXFileReference; lastKnownFileType = sourcecode.swift; path = SceneDelegate.swift; sourceTree = "<group>"; };
		D07C24282C27200200C5316F /* OnboardingViewController.swift */ = {isa = PBXFileReference; lastKnownFileType = sourcecode.swift; path = OnboardingViewController.swift; sourceTree = "<group>"; };
		D07C242D2C27200400C5316F /* Assets.xcassets */ = {isa = PBXFileReference; lastKnownFileType = folder.assetcatalog; path = Assets.xcassets; sourceTree = "<group>"; };
		D07C24302C27200400C5316F /* Base */ = {isa = PBXFileReference; lastKnownFileType = file.storyboard; name = Base; path = Base.lproj/LaunchScreen.storyboard; sourceTree = "<group>"; };
		D07C24322C27200400C5316F /* Info.plist */ = {isa = PBXFileReference; lastKnownFileType = text.plist.xml; path = Info.plist; sourceTree = "<group>"; };
		D07C243C2C27217100C5316F /* ApiManager.swift */ = {isa = PBXFileReference; lastKnownFileType = sourcecode.swift; path = ApiManager.swift; sourceTree = "<group>"; };
		D07C243E2C27223700C5316F /* HapticManager.swift */ = {isa = PBXFileReference; lastKnownFileType = sourcecode.swift; path = HapticManager.swift; sourceTree = "<group>"; };
		D07C24462C276E7800C5316F /* GifFile.swift */ = {isa = PBXFileReference; lastKnownFileType = sourcecode.swift; path = GifFile.swift; sourceTree = "<group>"; };
		D07C24492C276EAF00C5316F /* created.gif */ = {isa = PBXFileReference; lastKnownFileType = image.gif; path = created.gif; sourceTree = "<group>"; };
		D07C244A2C276EAF00C5316F /* password.gif */ = {isa = PBXFileReference; lastKnownFileType = image.gif; path = password.gif; sourceTree = "<group>"; };
		D07C244B2C276EAF00C5316F /* checking.gif */ = {isa = PBXFileReference; lastKnownFileType = image.gif; path = checking.gif; sourceTree = "<group>"; };
		D07C244C2C276EAF00C5316F /* congratulations.gif */ = {isa = PBXFileReference; lastKnownFileType = image.gif; path = congratulations.gif; sourceTree = "<group>"; };
		D07C244D2C276EAF00C5316F /* unboarding.gif */ = {isa = PBXFileReference; lastKnownFileType = image.gif; path = unboarding.gif; sourceTree = "<group>"; };
/* End PBXFileReference section */

/* Begin PBXFrameworksBuildPhase section */
		D07C241E2C27200200C5316F /* Frameworks */ = {
			isa = PBXFrameworksBuildPhase;
			buildActionMask = 2147483647;
			files = (
				D07C24442C27262F00C5316F /* SDWebImageMapKit in Frameworks */,
				D07C24422C27262F00C5316F /* SDWebImage in Frameworks */,
			);
			runOnlyForDeploymentPostprocessing = 0;
		};
/* End PBXFrameworksBuildPhase section */

/* Begin PBXGroup section */
		D07C24182C27200200C5316F = {
			isa = PBXGroup;
			children = (
				D07C24232C27200200C5316F /* YassirMovieApplication */,
				D07C24222C27200200C5316F /* Products */,
			);
			sourceTree = "<group>";
		};
		D07C24222C27200200C5316F /* Products */ = {
			isa = PBXGroup;
			children = (
				D07C24212C27200200C5316F /* YassirMovieApplication.app */,
			);
			name = Products;
			sourceTree = "<group>";
		};
		D07C24232C27200200C5316F /* YassirMovieApplication */ = {
			isa = PBXGroup;
			children = (
				D07C24482C276EAF00C5316F /* GifFiles */,
				D07C24452C276E6900C5316F /* Gif */,
				D07C243B2C27215500C5316F /* Managers */,
				D07C243A2C27207100C5316F /* Resources */,
				D07C24392C27205200C5316F /* Controllers */,
				D07C24382C27200900C5316F /* AppDelegates */,
				D07C24322C27200400C5316F /* Info.plist */,
			);
			path = YassirMovieApplication;
			sourceTree = "<group>";
		};
		D07C24382C27200900C5316F /* AppDelegates */ = {
			isa = PBXGroup;
			children = (
				D07C24262C27200200C5316F /* SceneDelegate.swift */,
				D07C24242C27200200C5316F /* AppDelegate.swift */,
			);
			path = AppDelegates;
			sourceTree = "<group>";
		};
		D07C24392C27205200C5316F /* Controllers */ = {
			isa = PBXGroup;
			children = (
				D07C24282C27200200C5316F /* OnboardingViewController.swift */,
			);
			path = Controllers;
			sourceTree = "<group>";
		};
		D07C243A2C27207100C5316F /* Resources */ = {
			isa = PBXGroup;
			children = (
				D07C242F2C27200400C5316F /* LaunchScreen.storyboard */,
				D07C242D2C27200400C5316F /* Assets.xcassets */,
			);
			path = Resources;
			sourceTree = "<group>";
		};
		D07C243B2C27215500C5316F /* Managers */ = {
			isa = PBXGroup;
			children = (
				D07C243C2C27217100C5316F /* ApiManager.swift */,
				D07C243E2C27223700C5316F /* HapticManager.swift */,
			);
			path = Managers;
			sourceTree = "<group>";
		};
		D07C24452C276E6900C5316F /* Gif */ = {
			isa = PBXGroup;
			children = (
				D07C24462C276E7800C5316F /* GifFile.swift */,
			);
			path = Gif;
			sourceTree = "<group>";
		};
		D07C24482C276EAF00C5316F /* GifFiles */ = {
			isa = PBXGroup;
			children = (
				D07C24492C276EAF00C5316F /* created.gif */,
				D07C244A2C276EAF00C5316F /* password.gif */,
				D07C244B2C276EAF00C5316F /* checking.gif */,
				D07C244C2C276EAF00C5316F /* congratulations.gif */,
				D07C244D2C276EAF00C5316F /* unboarding.gif */,
			);
			path = GifFiles;
			sourceTree = "<group>";
		};
/* End PBXGroup section */

/* Begin PBXNativeTarget section */
		D07C24202C27200200C5316F /* YassirMovieApplication */ = {
			isa = PBXNativeTarget;
			buildConfigurationList = D07C24352C27200400C5316F /* Build configuration list for PBXNativeTarget "YassirMovieApplication" */;
			buildPhases = (
				D07C241D2C27200200C5316F /* Sources */,
				D07C241E2C27200200C5316F /* Frameworks */,
				D07C241F2C27200200C5316F /* Resources */,
			);
			buildRules = (
			);
			dependencies = (
			);
			name = YassirMovieApplication;
			packageProductDependencies = (
				D07C24412C27262F00C5316F /* SDWebImage */,
				D07C24432C27262F00C5316F /* SDWebImageMapKit */,
			);
			productName = YassirMovieApplication;
			productReference = D07C24212C27200200C5316F /* YassirMovieApplication.app */;
			productType = "com.apple.product-type.application";
		};
/* End PBXNativeTarget section */

/* Begin PBXProject section */
		D07C24192C27200200C5316F /* Project object */ = {
			isa = PBXProject;
			attributes = {
				BuildIndependentTargetsInParallel = 1;
				LastSwiftUpdateCheck = 1510;
				LastUpgradeCheck = 1510;
				TargetAttributes = {
					D07C24202C27200200C5316F = {
						CreatedOnToolsVersion = 15.1;
					};
				};
			};
			buildConfigurationList = D07C241C2C27200200C5316F /* Build configuration list for PBXProject "YassirMovieApplication" */;
			compatibilityVersion = "Xcode 14.0";
			developmentRegion = en;
			hasScannedForEncodings = 0;
			knownRegions = (
				en,
				Base,
			);
			mainGroup = D07C24182C27200200C5316F;
			packageReferences = (
				D07C24402C27262F00C5316F /* XCRemoteSwiftPackageReference "SDWebImage" */,
			);
			productRefGroup = D07C24222C27200200C5316F /* Products */;
			projectDirPath = "";
			projectRoot = "";
			targets = (
				D07C24202C27200200C5316F /* YassirMovieApplication */,
			);
		};
/* End PBXProject section */

/* Begin PBXResourcesBuildPhase section */
		D07C241F2C27200200C5316F /* Resources */ = {
			isa = PBXResourcesBuildPhase;
			buildActionMask = 2147483647;
			files = (
				D07C24312C27200400C5316F /* LaunchScreen.storyboard in Resources */,
				D07C24502C276EAF00C5316F /* checking.gif in Resources */,
				D07C244E2C276EAF00C5316F /* created.gif in Resources */,
				D07C242E2C27200400C5316F /* Assets.xcassets in Resources */,
				D07C24522C276EAF00C5316F /* unboarding.gif in Resources */,
				D07C24512C276EAF00C5316F /* congratulations.gif in Resources */,
				D07C244F2C276EAF00C5316F /* password.gif in Resources */,
			);
			runOnlyForDeploymentPostprocessing = 0;
		};
/* End PBXResourcesBuildPhase section */

/* Begin PBXSourcesBuildPhase section */
		D07C241D2C27200200C5316F /* Sources */ = {
			isa = PBXSourcesBuildPhase;
			buildActionMask = 2147483647;
			files = (
				D07C24472C276E7800C5316F /* GifFile.swift in Sources */,
				D07C243D2C27217100C5316F /* ApiManager.swift in Sources */,
				D07C243F2C27223700C5316F /* HapticManager.swift in Sources */,
				D07C24292C27200200C5316F /* OnboardingViewController.swift in Sources */,
				D07C24252C27200200C5316F /* AppDelegate.swift in Sources */,
				D07C24272C27200200C5316F /* SceneDelegate.swift in Sources */,
			);
			runOnlyForDeploymentPostprocessing = 0;
		};
/* End PBXSourcesBuildPhase section */

/* Begin PBXVariantGroup section */
		D07C242F2C27200400C5316F /* LaunchScreen.storyboard */ = {
			isa = PBXVariantGroup;
			children = (
				D07C24302C27200400C5316F /* Base */,
			);
			name = LaunchScreen.storyboard;
			sourceTree = "<group>";
		};
/* End PBXVariantGroup section */

/* Begin XCBuildConfiguration section */
		D07C24332C27200400C5316F /* Debug */ = {
			isa = XCBuildConfiguration;
			buildSettings = {
				ALWAYS_SEARCH_USER_PATHS = NO;
				ASSETCATALOG_COMPILER_GENERATE_SWIFT_ASSET_SYMBOL_EXTENSIONS = YES;
				CLANG_ANALYZER_NONNULL = YES;
				CLANG_ANALYZER_NUMBER_OBJECT_CONVERSION = YES_AGGRESSIVE;
				CLANG_CXX_LANGUAGE_STANDARD = "gnu++20";
				CLANG_ENABLE_MODULES = YES;
				CLANG_ENABLE_OBJC_ARC = YES;
				CLANG_ENABLE_OBJC_WEAK = YES;
				CLANG_WARN_BLOCK_CAPTURE_AUTORELEASING = YES;
				CLANG_WARN_BOOL_CONVERSION = YES;
				CLANG_WARN_COMMA = YES;
				CLANG_WARN_CONSTANT_CONVERSION = YES;
				CLANG_WARN_DEPRECATED_OBJC_IMPLEMENTATIONS = YES;
				CLANG_WARN_DIRECT_OBJC_ISA_USAGE = YES_ERROR;
				CLANG_WARN_DOCUMENTATION_COMMENTS = YES;
				CLANG_WARN_EMPTY_BODY = YES;
				CLANG_WARN_ENUM_CONVERSION = YES;
				CLANG_WARN_INFINITE_RECURSION = YES;
				CLANG_WARN_INT_CONVERSION = YES;
				CLANG_WARN_NON_LITERAL_NULL_CONVERSION = YES;
				CLANG_WARN_OBJC_IMPLICIT_RETAIN_SELF = YES;
				CLANG_WARN_OBJC_LITERAL_CONVERSION = YES;
				CLANG_WARN_OBJC_ROOT_CLASS = YES_ERROR;
				CLANG_WARN_QUOTED_INCLUDE_IN_FRAMEWORK_HEADER = YES;
				CLANG_WARN_RANGE_LOOP_ANALYSIS = YES;
				CLANG_WARN_STRICT_PROTOTYPES = YES;
				CLANG_WARN_SUSPICIOUS_MOVE = YES;
				CLANG_WARN_UNGUARDED_AVAILABILITY = YES_AGGRESSIVE;
				CLANG_WARN_UNREACHABLE_CODE = YES;
				CLANG_WARN__DUPLICATE_METHOD_MATCH = YES;
				COPY_PHASE_STRIP = NO;
				DEBUG_INFORMATION_FORMAT = dwarf;
				ENABLE_STRICT_OBJC_MSGSEND = YES;
				ENABLE_TESTABILITY = YES;
				ENABLE_USER_SCRIPT_SANDBOXING = YES;
				GCC_C_LANGUAGE_STANDARD = gnu17;
				GCC_DYNAMIC_NO_PIC = NO;
				GCC_NO_COMMON_BLOCKS = YES;
				GCC_OPTIMIZATION_LEVEL = 0;
				GCC_PREPROCESSOR_DEFINITIONS = (
					"DEBUG=1",
					"$(inherited)",
				);
				GCC_WARN_64_TO_32_BIT_CONVERSION = YES;
				GCC_WARN_ABOUT_RETURN_TYPE = YES_ERROR;
				GCC_WARN_UNDECLARED_SELECTOR = YES;
				GCC_WARN_UNINITIALIZED_AUTOS = YES_AGGRESSIVE;
				GCC_WARN_UNUSED_FUNCTION = YES;
				GCC_WARN_UNUSED_VARIABLE = YES;
				IPHONEOS_DEPLOYMENT_TARGET = 17.2;
				LOCALIZATION_PREFERS_STRING_CATALOGS = YES;
				MTL_ENABLE_DEBUG_INFO = INCLUDE_SOURCE;
				MTL_FAST_MATH = YES;
				ONLY_ACTIVE_ARCH = YES;
				SDKROOT = iphoneos;
				SWIFT_ACTIVE_COMPILATION_CONDITIONS = "DEBUG $(inherited)";
				SWIFT_OPTIMIZATION_LEVEL = "-Onone";
			};
			name = Debug;
		};
		D07C24342C27200400C5316F /* Release */ = {
			isa = XCBuildConfiguration;
			buildSettings = {
				ALWAYS_SEARCH_USER_PATHS = NO;
				ASSETCATALOG_COMPILER_GENERATE_SWIFT_ASSET_SYMBOL_EXTENSIONS = YES;
				CLANG_ANALYZER_NONNULL = YES;
				CLANG_ANALYZER_NUMBER_OBJECT_CONVERSION = YES_AGGRESSIVE;
				CLANG_CXX_LANGUAGE_STANDARD = "gnu++20";
				CLANG_ENABLE_MODULES = YES;
				CLANG_ENABLE_OBJC_ARC = YES;
				CLANG_ENABLE_OBJC_WEAK = YES;
				CLANG_WARN_BLOCK_CAPTURE_AUTORELEASING = YES;
				CLANG_WARN_BOOL_CONVERSION = YES;
				CLANG_WARN_COMMA = YES;
				CLANG_WARN_CONSTANT_CONVERSION = YES;
				CLANG_WARN_DEPRECATED_OBJC_IMPLEMENTATIONS = YES;
				CLANG_WARN_DIRECT_OBJC_ISA_USAGE = YES_ERROR;
				CLANG_WARN_DOCUMENTATION_COMMENTS = YES;
				CLANG_WARN_EMPTY_BODY = YES;
				CLANG_WARN_ENUM_CONVERSION = YES;
				CLANG_WARN_INFINITE_RECURSION = YES;
				CLANG_WARN_INT_CONVERSION = YES;
				CLANG_WARN_NON_LITERAL_NULL_CONVERSION = YES;
				CLANG_WARN_OBJC_IMPLICIT_RETAIN_SELF = YES;
				CLANG_WARN_OBJC_LITERAL_CONVERSION = YES;
				CLANG_WARN_OBJC_ROOT_CLASS = YES_ERROR;
				CLANG_WARN_QUOTED_INCLUDE_IN_FRAMEWORK_HEADER = YES;
				CLANG_WARN_RANGE_LOOP_ANALYSIS = YES;
				CLANG_WARN_STRICT_PROTOTYPES = YES;
				CLANG_WARN_SUSPICIOUS_MOVE = YES;
				CLANG_WARN_UNGUARDED_AVAILABILITY = YES_AGGRESSIVE;
				CLANG_WARN_UNREACHABLE_CODE = YES;
				CLANG_WARN__DUPLICATE_METHOD_MATCH = YES;
				COPY_PHASE_STRIP = NO;
				DEBUG_INFORMATION_FORMAT = "dwarf-with-dsym";
				ENABLE_NS_ASSERTIONS = NO;
				ENABLE_STRICT_OBJC_MSGSEND = YES;
				ENABLE_USER_SCRIPT_SANDBOXING = YES;
				GCC_C_LANGUAGE_STANDARD = gnu17;
				GCC_NO_COMMON_BLOCKS = YES;
				GCC_WARN_64_TO_32_BIT_CONVERSION = YES;
				GCC_WARN_ABOUT_RETURN_TYPE = YES_ERROR;
				GCC_WARN_UNDECLARED_SELECTOR = YES;
				GCC_WARN_UNINITIALIZED_AUTOS = YES_AGGRESSIVE;
				GCC_WARN_UNUSED_FUNCTION = YES;
				GCC_WARN_UNUSED_VARIABLE = YES;
				IPHONEOS_DEPLOYMENT_TARGET = 17.2;
				LOCALIZATION_PREFERS_STRING_CATALOGS = YES;
				MTL_ENABLE_DEBUG_INFO = NO;
				MTL_FAST_MATH = YES;
				SDKROOT = iphoneos;
				SWIFT_COMPILATION_MODE = wholemodule;
				VALIDATE_PRODUCT = YES;
			};
			name = Release;
		};
		D07C24362C27200400C5316F /* Debug */ = {
			isa = XCBuildConfiguration;
			buildSettings = {
				ASSETCATALOG_COMPILER_APPICON_NAME = AppIcon;
				ASSETCATALOG_COMPILER_GLOBAL_ACCENT_COLOR_NAME = AccentColor;
				CODE_SIGN_STYLE = Automatic;
				CURRENT_PROJECT_VERSION = 1;
				DEVELOPMENT_TEAM = HNS64TAJ9X;
				GENERATE_INFOPLIST_FILE = YES;
				INFOPLIST_FILE = YassirMovieApplication/Info.plist;
				INFOPLIST_KEY_UIApplicationSupportsIndirectInputEvents = YES;
				INFOPLIST_KEY_UILaunchStoryboardName = LaunchScreen;
				INFOPLIST_KEY_UISupportedInterfaceOrientations_iPad = "UIInterfaceOrientationPortrait UIInterfaceOrientationPortraitUpsideDown UIInterfaceOrientationLandscapeLeft UIInterfaceOrientationLandscapeRight";
				INFOPLIST_KEY_UISupportedInterfaceOrientations_iPhone = "UIInterfaceOrientationPortrait UIInterfaceOrientationLandscapeLeft UIInterfaceOrientationLandscapeRight";
				LD_RUNPATH_SEARCH_PATHS = (
					"$(inherited)",
					"@executable_path/Frameworks",
				);
				MARKETING_VERSION = 1.0;
				PRODUCT_BUNDLE_IDENTIFIER = com.Dexlist.YassirMovieApplication;
				PRODUCT_NAME = "$(TARGET_NAME)";
				SWIFT_EMIT_LOC_STRINGS = YES;
				SWIFT_VERSION = 5.0;
				TARGETED_DEVICE_FAMILY = "1,2";
			};
			name = Debug;
		};
		D07C24372C27200400C5316F /* Release */ = {
			isa = XCBuildConfiguration;
			buildSettings = {
				ASSETCATALOG_COMPILER_APPICON_NAME = AppIcon;
				ASSETCATALOG_COMPILER_GLOBAL_ACCENT_COLOR_NAME = AccentColor;
				CODE_SIGN_STYLE = Automatic;
				CURRENT_PROJECT_VERSION = 1;
				DEVELOPMENT_TEAM = HNS64TAJ9X;
				GENERATE_INFOPLIST_FILE = YES;
				INFOPLIST_FILE = YassirMovieApplication/Info.plist;
				INFOPLIST_KEY_UIApplicationSupportsIndirectInputEvents = YES;
				INFOPLIST_KEY_UILaunchStoryboardName = LaunchScreen;
				INFOPLIST_KEY_UISupportedInterfaceOrientations_iPad = "UIInterfaceOrientationPortrait UIInterfaceOrientationPortraitUpsideDown UIInterfaceOrientationLandscapeLeft UIInterfaceOrientationLandscapeRight";
				INFOPLIST_KEY_UISupportedInterfaceOrientations_iPhone = "UIInterfaceOrientationPortrait UIInterfaceOrientationLandscapeLeft UIInterfaceOrientationLandscapeRight";
				LD_RUNPATH_SEARCH_PATHS = (
					"$(inherited)",
					"@executable_path/Frameworks",
				);
				MARKETING_VERSION = 1.0;
				PRODUCT_BUNDLE_IDENTIFIER = com.Dexlist.YassirMovieApplication;
				PRODUCT_NAME = "$(TARGET_NAME)";
				SWIFT_EMIT_LOC_STRINGS = YES;
				SWIFT_VERSION = 5.0;
				TARGETED_DEVICE_FAMILY = "1,2";
			};
			name = Release;
		};
/* End XCBuildConfiguration section */

/* Begin XCConfigurationList section */
		D07C241C2C27200200C5316F /* Build configuration list for PBXProject "YassirMovieApplication" */ = {
			isa = XCConfigurationList;
			buildConfigurations = (
				D07C24332C27200400C5316F /* Debug */,
				D07C24342C27200400C5316F /* Release */,
			);
			defaultConfigurationIsVisible = 0;
			defaultConfigurationName = Release;
		};
		D07C24352C27200400C5316F /* Build configuration list for PBXNativeTarget "YassirMovieApplication" */ = {
			isa = XCConfigurationList;
			buildConfigurations = (
				D07C24362C27200400C5316F /* Debug */,
				D07C24372C27200400C5316F /* Release */,
			);
			defaultConfigurationIsVisible = 0;
			defaultConfigurationName = Release;
		};
/* End XCConfigurationList section */

/* Begin XCRemoteSwiftPackageReference section */
		D07C24402C27262F00C5316F /* XCRemoteSwiftPackageReference "SDWebImage" */ = {
			isa = XCRemoteSwiftPackageReference;
			repositoryURL = "https://github.com/SDWebImage/SDWebImage.git";
			requirement = {
				kind = upToNextMajorVersion;
				minimumVersion = 5.19.3;
			};
		};
/* End XCRemoteSwiftPackageReference section */

/* Begin XCSwiftPackageProductDependency section */
		D07C24412C27262F00C5316F /* SDWebImage */ = {
			isa = XCSwiftPackageProductDependency;
			package = D07C24402C27262F00C5316F /* XCRemoteSwiftPackageReference "SDWebImage" */;
			productName = SDWebImage;
		};
		D07C24432C27262F00C5316F /* SDWebImageMapKit */ = {
			isa = XCSwiftPackageProductDependency;
			package = D07C24402C27262F00C5316F /* XCRemoteSwiftPackageReference "SDWebImage" */;
			productName = SDWebImageMapKit;
		};
/* End XCSwiftPackageProductDependency section */
	};
	rootObject = D07C24192C27200200C5316F /* Project object */;
}
